
Microsoft Visual Studio Solution File, Format Version 12.00
# Visual Studio 15
VisualStudioVersion = 15.0.28010.2003
MinimumVisualStudioVersion = 10.0.40219.1
Project("{FAE04EC0-301F-11D3-BF4B-00C04F79EFBC}") = "DatingApp.API", "DatingApp.API\DatingApp.API.csproj", "{F122FA2A-C4B1-46C0-A543-98BF8016FD7A}"
EndProject
Global
	GlobalSection(SolutionConfigurationPlatforms) = preSolution
		Debug|Any CPU = Debug|Any CPU
		Release|Any CPU = Release|Any CPU
	EndGlobalSection
	GlobalSection(ProjectConfigurationPlatforms) = postSolution
		{F122FA2A-C4B1-46C0-A543-98BF8016FD7A}.Debug|Any CPU.ActiveCfg = Debug|Any CPU
		{F122FA2A-C4B1-46C0-A543-98BF8016FD7A}.Debug|Any CPU.Build.0 = Debug|Any CPU
		{F122FA2A-C4B1-46C0-A543-98BF8016FD7A}.Release|Any CPU.ActiveCfg = Release|Any CPU
		{F122FA2A-C4B1-46C0-A543-98BF8016FD7A}.Release|Any CPU.Build.0 = Release|Any CPU
	EndGlobalSection
	GlobalSection(SolutionProperties) = preSolution
		HideSolutionNode = FALSE
	EndGlobalSection
	GlobalSection(ExtensibilityGlobals) = postSolution
		SolutionGuid = {A0178014-07FA-4FE0-8A06-EE0C7E23CE83}
	EndGlobalSection
EndGlobal
